
Microsoft Visual Studio Solution File, Format Version 12.00
# Visual Studio Version 17
VisualStudioVersion = 17.0.32002.185
MinimumVisualStudioVersion = 10.0.40219.1
Project("{FAE04EC0-301F-11D3-BF4B-00C04F79EFBC}") = "Prac_1", "Prac_1\Prac_1.csproj", "{6F462628-333C-4224-AE9E-B6C0322F0AC1}"
EndProject
Global
	GlobalSection(SolutionConfigurationPlatforms) = preSolution
		Debug|Any CPU = Debug|Any CPU
		Release|Any CPU = Release|Any CPU
	EndGlobalSection
	GlobalSection(ProjectConfigurationPlatforms) = postSolution
		{6F462628-333C-4224-AE9E-B6C0322F0AC1}.Debug|Any CPU.ActiveCfg = Debug|Any CPU
		{6F462628-333C-4224-AE9E-B6C0322F0AC1}.Debug|Any CPU.Build.0 = Debug|Any CPU
		{6F462628-333C-4224-AE9E-B6C0322F0AC1}.Release|Any CPU.ActiveCfg = Release|Any CPU
		{6F462628-333C-4224-AE9E-B6C0322F0AC1}.Release|Any CPU.Build.0 = Release|Any CPU
	EndGlobalSection
	GlobalSection(SolutionProperties) = preSolution
		HideSolutionNode = FALSE
	EndGlobalSection
	GlobalSection(ExtensibilityGlobals) = postSolution
		SolutionGuid = {A16B88CF-A2E4-4CB1-A0B5-FEF881A7954A}
	EndGlobalSection
EndGlobal
